{
  "version": "4",
  "specifiers": {
    "jsr:@std/assert@^1.0.8": "1.0.8",
    "jsr:@std/expect@*": "1.0.8",
    "jsr:@std/expect@^1.0.8": "1.0.8",
    "jsr:@std/internal@^1.0.5": "1.0.5",
    "npm:bcryptjs@*": "2.4.3",
    "npm:bcryptjs@^2.4.3": "2.4.3",
    "npm:exhaustive@*": "1.1.2",
    "npm:exhaustive@^1.1.2": "1.1.2",
    "npm:i18n-iso-countries@*": "7.13.0",
    "npm:i18n-iso-countries@^7.13.0": "7.13.0",
    "npm:libphonenumber-js@*": "1.11.17",
    "npm:libphonenumber-js@^1.11.17": "1.11.17",
    "npm:zod@*": "3.23.8",
    "npm:zod@^3.23.8": "3.23.8"
  },
  "jsr": {
    "@std/assert@1.0.8": {
      "integrity": "ebe0bd7eb488ee39686f77003992f389a06c3da1bbd8022184804852b2fa641b",
      "dependencies": [
        "jsr:@std/internal"
      ]
    },
    "@std/expect@1.0.8": {
      "integrity": "27e40d8f3aefb372fc6a703fb0b69e34560e72a2f78705178babdffa00119a5f",
      "dependencies": [
        "jsr:@std/assert",
        "jsr:@std/internal"
      ]
    },
    "@std/internal@1.0.5": {
      "integrity": "54a546004f769c1ac9e025abd15a76b6671ddc9687e2313b67376125650dc7ba"
    }
  },
  "npm": {
    "bcryptjs@2.4.3": {
      "integrity": "sha512-V/Hy/X9Vt7f3BbPJEi8BdVFMByHi+jNXrYkW3huaybV/kQ0KJg0Y6PkEMbn+zeT+i+SiKZ/HMqJGIIt4LZDqNQ=="
    },
    "diacritics@1.3.0": {
      "integrity": "sha512-wlwEkqcsaxvPJML+rDh/2iS824jbREk6DUMUKkEaSlxdYHeS43cClJtsWglvw2RfeXGm6ohKDqsXteJ5sP5enA=="
    },
    "exhaustive@1.1.2": {
      "integrity": "sha512-CfS+tz8UUWcqfCgpJxufOjQPu+NvEhGauneknfISgaZpyXJIGiWz02G4mO25mwhgf/N0USledCXI4vkWXt1Xmw=="
    },
    "i18n-iso-countries@7.13.0": {
      "integrity": "sha512-pVh4CjdgAHZswI98hzG+1BItQlsQfR+yGDsjDISoWIV/jHDAvCmSyZ5vj2YWwAjfVZ8/BhBDqWcFvuGOyHe4vg==",
      "dependencies": [
        "diacritics"
      ]
    },
    "libphonenumber-js@1.11.17": {
      "integrity": "sha512-Jr6v8thd5qRlOlc6CslSTzGzzQW03uiscab7KHQZX1Dfo4R6n6FDhZ0Hri6/X7edLIDv9gl4VMZXhxTjLnl0VQ=="
    },
    "zod@3.23.8": {
      "integrity": "sha512-XBx9AXhXktjUqnepgTiE5flcKIYWi/rme0Eaj+5Y0lftuGBq+jyRu/md4WnuxqgP1ubdpNCsYEYPxrzVHD8d6g=="
    }
  },
  "workspace": {
    "dependencies": [
      "npm:bcryptjs@^2.4.3",
      "npm:i18n-iso-countries@^7.13.0",
      "npm:libphonenumber-js@^1.11.17"
    ],
    "members": {
      "infrastructure/platforms/deno": {
        "dependencies": [
          "jsr:@std/expect@^1.0.8",
          "npm:exhaustive@^1.1.2",
          "npm:zod@^3.23.8"
        ]
      }
    }
  }
}
